
Microsoft Visual Studio Solution File, Format Version 12.00
# Visual Studio 2012
Project("{8BC9CEB8-8B4A-11D0-8D11-00A0C91BC942}") = "IpCamProject", "IpCamProject\IpCamProject.vcxproj", "{E4FCCAFC-83DA-4219-BEC4-448DDE1BAF29}"
EndProject
Global
	GlobalSection(SolutionConfigurationPlatforms) = preSolution
		Debug Alt 1|Win32 = Debug Alt 1|Win32
		Debug|Win32 = Debug|Win32
		Release|Win32 = Release|Win32
	EndGlobalSection
	GlobalSection(ProjectConfigurationPlatforms) = postSolution
		{E4FCCAFC-83DA-4219-BEC4-448DDE1BAF29}.Debug Alt 1|Win32.ActiveCfg = Debug|Win32
		{E4FCCAFC-83DA-4219-BEC4-448DDE1BAF29}.Debug Alt 1|Win32.Build.0 = Debug|Win32
		{E4FCCAFC-83DA-4219-BEC4-448DDE1BAF29}.Debug|Win32.ActiveCfg = Debug|Win32
		{E4FCCAFC-83DA-4219-BEC4-448DDE1BAF29}.Debug|Win32.Build.0 = Debug|Win32
		{E4FCCAFC-83DA-4219-BEC4-448DDE1BAF29}.Release|Win32.ActiveCfg = Release|Win32
		{E4FCCAFC-83DA-4219-BEC4-448DDE1BAF29}.Release|Win32.Build.0 = Release|Win32
	EndGlobalSection
	GlobalSection(SolutionProperties) = preSolution
		HideSolutionNode = FALSE
	EndGlobalSection
EndGlobal
